
Microsoft Visual Studio Solution File, Format Version 12.00
# Visual Studio Version 17
VisualStudioVersion = 17.2.32630.192
MinimumVisualStudioVersion = 10.0.40219.1
Project("{9A19103F-16F7-4668-BE54-9A1E7A4F7556}") = "LanchesWebMvc", "LanchesWebMvc\LanchesWebMvc.csproj", "{B8C3248F-61DE-4F5D-8B4F-3F0F611F5CF9}"
EndProject
Global
	GlobalSection(SolutionConfigurationPlatforms) = preSolution
		Debug|Any CPU = Debug|Any CPU
		Release|Any CPU = Release|Any CPU
	EndGlobalSection
	GlobalSection(ProjectConfigurationPlatforms) = postSolution
		{B8C3248F-61DE-4F5D-8B4F-3F0F611F5CF9}.Debug|Any CPU.ActiveCfg = Debug|Any CPU
		{B8C3248F-61DE-4F5D-8B4F-3F0F611F5CF9}.Debug|Any CPU.Build.0 = Debug|Any CPU
		{B8C3248F-61DE-4F5D-8B4F-3F0F611F5CF9}.Release|Any CPU.ActiveCfg = Release|Any CPU
		{B8C3248F-61DE-4F5D-8B4F-3F0F611F5CF9}.Release|Any CPU.Build.0 = Release|Any CPU
	EndGlobalSection
	GlobalSection(SolutionProperties) = preSolution
		HideSolutionNode = FALSE
	EndGlobalSection
	GlobalSection(ExtensibilityGlobals) = postSolution
		SolutionGuid = {5CBC5572-2349-4D5A-BD13-B8E15414E38B}
	EndGlobalSection
EndGlobal
